
Microsoft Visual Studio Solution File, Format Version 9.00
# Visual Studio 2005
Project("{D183A3D8-5FD8-494B-B014-37F57B35E655}") = "RD2012", "Integration Services Project1\RD2012.dtproj", "{9ADF8379-6B21-4A4D-B534-F829589C6963}"
EndProject
Global
	GlobalSection(SolutionConfigurationPlatforms) = preSolution
		Development|Default = Development|Default
	EndGlobalSection
	GlobalSection(ProjectConfigurationPlatforms) = postSolution
		{9ADF8379-6B21-4A4D-B534-F829589C6963}.Development|Default.ActiveCfg = Development
		{9ADF8379-6B21-4A4D-B534-F829589C6963}.Development|Default.Build.0 = Development
	EndGlobalSection
	GlobalSection(SolutionProperties) = preSolution
		HideSolutionNode = FALSE
	EndGlobalSection
EndGlobal
